
Microsoft Visual Studio Solution File, Format Version 12.00
# Visual Studio 15
Project("{FAE04EC0-301F-11D3-BF4B-00C04F79EFBC}") = "pizza", "pizza\pizza.csproj", "{01C69F5F-A3A7-4790-B87C-C03CD34D3E99}"
EndProject
Project("{FAE04EC0-301F-11D3-BF4B-00C04F79EFBC}") = "TestProject.Pizza", "TestProject.Pizza\TestProject.Pizza.csproj", "{83F7190E-8502-4677-84C1-E0B45599B9C5}"
EndProject
Global
	GlobalSection(SolutionConfigurationPlatforms) = preSolution
		Debug|Any CPU = Debug|Any CPU
		Release|Any CPU = Release|Any CPU
	EndGlobalSection
	GlobalSection(ProjectConfigurationPlatforms) = postSolution
		{01C69F5F-A3A7-4790-B87C-C03CD34D3E99}.Debug|Any CPU.ActiveCfg = Debug|Any CPU
		{01C69F5F-A3A7-4790-B87C-C03CD34D3E99}.Debug|Any CPU.Build.0 = Debug|Any CPU
		{01C69F5F-A3A7-4790-B87C-C03CD34D3E99}.Release|Any CPU.ActiveCfg = Release|Any CPU
		{01C69F5F-A3A7-4790-B87C-C03CD34D3E99}.Release|Any CPU.Build.0 = Release|Any CPU
		{83F7190E-8502-4677-84C1-E0B45599B9C5}.Debug|Any CPU.ActiveCfg = Debug|Any CPU
		{83F7190E-8502-4677-84C1-E0B45599B9C5}.Debug|Any CPU.Build.0 = Debug|Any CPU
		{83F7190E-8502-4677-84C1-E0B45599B9C5}.Release|Any CPU.ActiveCfg = Release|Any CPU
		{83F7190E-8502-4677-84C1-E0B45599B9C5}.Release|Any CPU.Build.0 = Release|Any CPU
	EndGlobalSection
EndGlobal
